# This file is automatically @generated by Cargo.
# It is not intended for manual editing.
version = 4

[[package]]
name = "bitflags"
version = "2.9.4"
source = "registry+https://github.com/rust-lang/crates.io-index"
checksum = "2261d10cca569e4643e526d8dc2e62e433cc8aba21ab764233731f8d369bf394"

[[package]]
name = "inv8080rs"
version = "0.3.0"
dependencies = [
 "sdl3",
]

[[package]]
name = "lazy_static"
version = "1.5.0"
source = "registry+https://github.com/rust-lang/crates.io-index"
checksum = "bbd2bcb4c963f2ddae06a2efc7e9f3591312473c50c6685e1f298068316e66fe"

[[package]]
name = "libc"
version = "0.2.175"
source = "registry+https://github.com/rust-lang/crates.io-index"
checksum = "6a82ae493e598baaea5209805c49bbf2ea7de956d50d7da0da1164f9c6d28543"

[[package]]
name = "sdl3"
version = "0.14.42"
source = "registry+https://github.com/rust-lang/crates.io-index"
checksum = "00e2a92b001023557b72e649c3a4e2152692cbc85acd234fd1ca58ac158accac"
dependencies = [
 "bitflags",
 "lazy_static",
 "libc",
 "sdl3-sys",
]

[[package]]
name = "sdl3-sys"
version = "0.5.0+SDL3-3.2.12"
source = "registry+https://github.com/rust-lang/crates.io-index"
checksum = "332d2fcf274e61d96c5e2c72bba37456ac59930c727f13869ddcfe1019109bba"
