# This file is automatically @generated by Cargo.
# It is not intended for manual editing.
version = 4

[[package]]
name = "bitflags"
version = "2.9.0"
source = "registry+https://github.com/rust-lang/crates.io-index"
checksum = "5c8214115b7bf84099f1309324e63141d4c5d7cc26862f97a0a857dbefe165bd"

[[package]]
name = "inv8080rs"
version = "0.3.0"
dependencies = [
 "sdl3",
]

[[package]]
name = "lazy_static"
version = "1.5.0"
source = "registry+https://github.com/rust-lang/crates.io-index"
checksum = "bbd2bcb4c963f2ddae06a2efc7e9f3591312473c50c6685e1f298068316e66fe"

[[package]]
name = "libc"
version = "0.2.172"
source = "registry+https://github.com/rust-lang/crates.io-index"
checksum = "d750af042f7ef4f724306de029d18836c26c1765a54a6a3f094cbd23a7267ffa"

[[package]]
name = "sdl3"
version = "0.14.34"
source = "registry+https://github.com/rust-lang/crates.io-index"
checksum = "662e4d5d815d4a64e2720e811efe4d2bc032e8335111ef27f94acad9731e81bb"
dependencies = [
 "bitflags",
 "lazy_static",
 "libc",
 "sdl3-sys",
]

[[package]]
name = "sdl3-sys"
version = "0.5.0+SDL3-3.2.12"
source = "registry+https://github.com/rust-lang/crates.io-index"
checksum = "332d2fcf274e61d96c5e2c72bba37456ac59930c727f13869ddcfe1019109bba"
